# This file is automatically @generated by Cargo.
# It is not intended for manual editing.
version = 4

[[package]]
name = "oncrix-bootloader"
version = "0.1.0"
dependencies = [
 "oncrix-hal",
 "oncrix-lib",
]

[[package]]
name = "oncrix-drivers"
version = "0.1.0"
dependencies = [
 "oncrix-hal",
 "oncrix-ipc",
 "oncrix-lib",
 "oncrix-mm",
]

[[package]]
name = "oncrix-hal"
version = "0.1.0"
dependencies = [
 "oncrix-lib",
]

[[package]]
name = "oncrix-ipc"
version = "0.1.0"
dependencies = [
 "oncrix-lib",
 "oncrix-mm",
]

[[package]]
name = "oncrix-kernel"
version = "0.1.0"
dependencies = [
 "oncrix-hal",
 "oncrix-ipc",
 "oncrix-lib",
 "oncrix-mm",
 "oncrix-process",
 "oncrix-syscall",
]

[[package]]
name = "oncrix-lib"
version = "0.1.0"

[[package]]
name = "oncrix-mm"
version = "0.1.0"
dependencies = [
 "oncrix-hal",
 "oncrix-lib",
]

[[package]]
name = "oncrix-process"
version = "0.1.0"
dependencies = [
 "oncrix-ipc",
 "oncrix-lib",
 "oncrix-mm",
]

[[package]]
name = "oncrix-syscall"
version = "0.1.0"
dependencies = [
 "oncrix-ipc",
 "oncrix-lib",
 "oncrix-mm",
 "oncrix-process",
 "oncrix-vfs",
]

[[package]]
name = "oncrix-vfs"
version = "0.1.0"
dependencies = [
 "oncrix-ipc",
 "oncrix-lib",
]
