# This file is automatically @generated by Cargo.
# It is not intended for manual editing.
version = 4

[[package]]
name = "oncrix-basename"
version = "0.1.0"
dependencies = [
 "oncrix-ulibc",
]

[[package]]
name = "oncrix-cat"
version = "0.1.0"
dependencies = [
 "oncrix-ulibc",
]

[[package]]
name = "oncrix-clear"
version = "0.1.0"
dependencies = [
 "oncrix-ulibc",
]

[[package]]
name = "oncrix-dirname"
version = "0.1.0"
dependencies = [
 "oncrix-ulibc",
]

[[package]]
name = "oncrix-echo"
version = "0.1.0"
dependencies = [
 "oncrix-ulibc",
]

[[package]]
name = "oncrix-env"
version = "0.1.0"
dependencies = [
 "oncrix-ulibc",
]

[[package]]
name = "oncrix-false"
version = "0.1.0"
dependencies = [
 "oncrix-ulibc",
]

[[package]]
name = "oncrix-head"
version = "0.1.0"
dependencies = [
 "oncrix-ulibc",
]

[[package]]
name = "oncrix-init"
version = "0.1.0"
dependencies = [
 "oncrix-ulibc",
]

[[package]]
name = "oncrix-kill"
version = "0.1.0"
dependencies = [
 "oncrix-ulibc",
]

[[package]]
name = "oncrix-ls"
version = "0.1.0"
dependencies = [
 "oncrix-ulibc",
]

[[package]]
name = "oncrix-mmaptest"
version = "0.1.0"
dependencies = [
 "oncrix-ulibc",
]

[[package]]
name = "oncrix-pwd"
version = "0.1.0"
dependencies = [
 "oncrix-ulibc",
]

[[package]]
name = "oncrix-seq"
version = "0.1.0"
dependencies = [
 "oncrix-ulibc",
]

[[package]]
name = "oncrix-sh"
version = "0.1.0"
dependencies = [
 "oncrix-ulibc",
]

[[package]]
name = "oncrix-sigtest"
version = "0.1.0"
dependencies = [
 "oncrix-ulibc",
]

[[package]]
name = "oncrix-sleep"
version = "0.1.0"
dependencies = [
 "oncrix-ulibc",
]

[[package]]
name = "oncrix-tail"
version = "0.1.0"
dependencies = [
 "oncrix-ulibc",
]

[[package]]
name = "oncrix-test"
version = "0.1.0"
dependencies = [
 "oncrix-ulibc",
]

[[package]]
name = "oncrix-true"
version = "0.1.0"
dependencies = [
 "oncrix-ulibc",
]

[[package]]
name = "oncrix-ulibc"
version = "0.1.0"

[[package]]
name = "oncrix-uname"
version = "0.1.0"
dependencies = [
 "oncrix-ulibc",
]

[[package]]
name = "oncrix-wc"
version = "0.1.0"
dependencies = [
 "oncrix-ulibc",
]

[[package]]
name = "oncrix-whoami"
version = "0.1.0"
dependencies = [
 "oncrix-ulibc",
]

[[package]]
name = "oncrix-yes"
version = "0.1.0"
dependencies = [
 "oncrix-ulibc",
]
