# This file is automatically @generated by Cargo.
# It is not intended for manual editing.
version = 4

[[package]]
name = "oncrix-cat"
version = "0.1.0"
dependencies = [
 "oncrix-ulibc",
]

[[package]]
name = "oncrix-echo"
version = "0.1.0"
dependencies = [
 "oncrix-ulibc",
]

[[package]]
name = "oncrix-false"
version = "0.1.0"
dependencies = [
 "oncrix-ulibc",
]

[[package]]
name = "oncrix-head"
version = "0.1.0"
dependencies = [
 "oncrix-ulibc",
]

[[package]]
name = "oncrix-init"
version = "0.1.0"
dependencies = [
 "oncrix-ulibc",
]

[[package]]
name = "oncrix-sh"
version = "0.1.0"
dependencies = [
 "oncrix-ulibc",
]

[[package]]
name = "oncrix-tail"
version = "0.1.0"
dependencies = [
 "oncrix-ulibc",
]

[[package]]
name = "oncrix-true"
version = "0.1.0"
dependencies = [
 "oncrix-ulibc",
]

[[package]]
name = "oncrix-ulibc"
version = "0.1.0"

[[package]]
name = "oncrix-wc"
version = "0.1.0"
dependencies = [
 "oncrix-ulibc",
]
