# This file is automatically @generated by Cargo.
# It is not intended for manual editing.
version = 4

[[package]]
name = "oncrix-base32"
version = "0.1.0"
dependencies = [
 "oncrix-ulibc",
]

[[package]]
name = "oncrix-base64"
version = "0.1.0"
dependencies = [
 "oncrix-ulibc",
]

[[package]]
name = "oncrix-basename"
version = "0.1.0"
dependencies = [
 "oncrix-ulibc",
]

[[package]]
name = "oncrix-cal"
version = "0.1.0"
dependencies = [
 "oncrix-ulibc",
]

[[package]]
name = "oncrix-cat"
version = "0.1.0"
dependencies = [
 "oncrix-ulibc",
]

[[package]]
name = "oncrix-cksum"
version = "0.1.0"
dependencies = [
 "oncrix-ulibc",
]

[[package]]
name = "oncrix-clear"
version = "0.1.0"
dependencies = [
 "oncrix-ulibc",
]

[[package]]
name = "oncrix-cmp"
version = "0.1.0"
dependencies = [
 "oncrix-ulibc",
]

[[package]]
name = "oncrix-comm"
version = "0.1.0"
dependencies = [
 "oncrix-ulibc",
]

[[package]]
name = "oncrix-cp"
version = "0.1.0"
dependencies = [
 "oncrix-ulibc",
]

[[package]]
name = "oncrix-cut"
version = "0.1.0"
dependencies = [
 "oncrix-ulibc",
]

[[package]]
name = "oncrix-date"
version = "0.1.0"
dependencies = [
 "oncrix-ulibc",
]

[[package]]
name = "oncrix-dd"
version = "0.1.0"
dependencies = [
 "oncrix-ulibc",
]

[[package]]
name = "oncrix-dirname"
version = "0.1.0"
dependencies = [
 "oncrix-ulibc",
]

[[package]]
name = "oncrix-echo"
version = "0.1.0"
dependencies = [
 "oncrix-ulibc",
]

[[package]]
name = "oncrix-env"
version = "0.1.0"
dependencies = [
 "oncrix-ulibc",
]

[[package]]
name = "oncrix-expand"
version = "0.1.0"
dependencies = [
 "oncrix-ulibc",
]

[[package]]
name = "oncrix-expr"
version = "0.1.0"
dependencies = [
 "oncrix-ulibc",
]

[[package]]
name = "oncrix-factor"
version = "0.1.0"
dependencies = [
 "oncrix-ulibc",
]

[[package]]
name = "oncrix-false"
version = "0.1.0"
dependencies = [
 "oncrix-ulibc",
]

[[package]]
name = "oncrix-file"
version = "0.1.0"
dependencies = [
 "oncrix-ulibc",
]

[[package]]
name = "oncrix-fold"
version = "0.1.0"
dependencies = [
 "oncrix-ulibc",
]

[[package]]
name = "oncrix-free"
version = "0.1.0"
dependencies = [
 "oncrix-ulibc",
]

[[package]]
name = "oncrix-grep"
version = "0.1.0"
dependencies = [
 "oncrix-ulibc",
]

[[package]]
name = "oncrix-head"
version = "0.1.0"
dependencies = [
 "oncrix-ulibc",
]

[[package]]
name = "oncrix-hostname"
version = "0.1.0"
dependencies = [
 "oncrix-ulibc",
]

[[package]]
name = "oncrix-id"
version = "0.1.0"
dependencies = [
 "oncrix-ulibc",
]

[[package]]
name = "oncrix-init"
version = "0.1.0"
dependencies = [
 "oncrix-ulibc",
]

[[package]]
name = "oncrix-install"
version = "0.1.0"
dependencies = [
 "oncrix-ulibc",
]

[[package]]
name = "oncrix-kill"
version = "0.1.0"
dependencies = [
 "oncrix-ulibc",
]

[[package]]
name = "oncrix-logname"
version = "0.1.0"
dependencies = [
 "oncrix-ulibc",
]

[[package]]
name = "oncrix-ls"
version = "0.1.0"
dependencies = [
 "oncrix-ulibc",
]

[[package]]
name = "oncrix-md5sum"
version = "0.1.0"
dependencies = [
 "oncrix-ulibc",
]

[[package]]
name = "oncrix-mkdir"
version = "0.1.0"
dependencies = [
 "oncrix-ulibc",
]

[[package]]
name = "oncrix-mmaptest"
version = "0.1.0"
dependencies = [
 "oncrix-ulibc",
]

[[package]]
name = "oncrix-nl"
version = "0.1.0"
dependencies = [
 "oncrix-ulibc",
]

[[package]]
name = "oncrix-od"
version = "0.1.0"
dependencies = [
 "oncrix-ulibc",
]

[[package]]
name = "oncrix-paste"
version = "0.1.0"
dependencies = [
 "oncrix-ulibc",
]

[[package]]
name = "oncrix-printf"
version = "0.1.0"
dependencies = [
 "oncrix-ulibc",
]

[[package]]
name = "oncrix-pwd"
version = "0.1.0"
dependencies = [
 "oncrix-ulibc",
]

[[package]]
name = "oncrix-realpath"
version = "0.1.0"
dependencies = [
 "oncrix-ulibc",
]

[[package]]
name = "oncrix-rev"
version = "0.1.0"
dependencies = [
 "oncrix-ulibc",
]

[[package]]
name = "oncrix-rm"
version = "0.1.0"
dependencies = [
 "oncrix-ulibc",
]

[[package]]
name = "oncrix-seq"
version = "0.1.0"
dependencies = [
 "oncrix-ulibc",
]

[[package]]
name = "oncrix-sh"
version = "0.1.0"
dependencies = [
 "oncrix-ulibc",
]

[[package]]
name = "oncrix-sha1sum"
version = "0.1.0"
dependencies = [
 "oncrix-ulibc",
]

[[package]]
name = "oncrix-sha224sum"
version = "0.1.0"
dependencies = [
 "oncrix-ulibc",
]

[[package]]
name = "oncrix-sha256sum"
version = "0.1.0"
dependencies = [
 "oncrix-ulibc",
]

[[package]]
name = "oncrix-sha384sum"
version = "0.1.0"
dependencies = [
 "oncrix-ulibc",
]

[[package]]
name = "oncrix-sha512sum"
version = "0.1.0"
dependencies = [
 "oncrix-ulibc",
]

[[package]]
name = "oncrix-sigtest"
version = "0.1.0"
dependencies = [
 "oncrix-ulibc",
]

[[package]]
name = "oncrix-sleep"
version = "0.1.0"
dependencies = [
 "oncrix-ulibc",
]

[[package]]
name = "oncrix-sort"
version = "0.1.0"
dependencies = [
 "oncrix-ulibc",
]

[[package]]
name = "oncrix-split"
version = "0.1.0"
dependencies = [
 "oncrix-ulibc",
]

[[package]]
name = "oncrix-stat"
version = "0.1.0"
dependencies = [
 "oncrix-ulibc",
]

[[package]]
name = "oncrix-strings"
version = "0.1.0"
dependencies = [
 "oncrix-ulibc",
]

[[package]]
name = "oncrix-sum"
version = "0.1.0"
dependencies = [
 "oncrix-ulibc",
]

[[package]]
name = "oncrix-tac"
version = "0.1.0"
dependencies = [
 "oncrix-ulibc",
]

[[package]]
name = "oncrix-tail"
version = "0.1.0"
dependencies = [
 "oncrix-ulibc",
]

[[package]]
name = "oncrix-tee"
version = "0.1.0"
dependencies = [
 "oncrix-ulibc",
]

[[package]]
name = "oncrix-test"
version = "0.1.0"
dependencies = [
 "oncrix-ulibc",
]

[[package]]
name = "oncrix-timeout"
version = "0.1.0"
dependencies = [
 "oncrix-ulibc",
]

[[package]]
name = "oncrix-touch"
version = "0.1.0"
dependencies = [
 "oncrix-ulibc",
]

[[package]]
name = "oncrix-tr"
version = "0.1.0"
dependencies = [
 "oncrix-ulibc",
]

[[package]]
name = "oncrix-true"
version = "0.1.0"
dependencies = [
 "oncrix-ulibc",
]

[[package]]
name = "oncrix-tty"
version = "0.1.0"
dependencies = [
 "oncrix-ulibc",
]

[[package]]
name = "oncrix-ulibc"
version = "0.1.0"

[[package]]
name = "oncrix-uname"
version = "0.1.0"
dependencies = [
 "oncrix-ulibc",
]

[[package]]
name = "oncrix-unexpand"
version = "0.1.0"
dependencies = [
 "oncrix-ulibc",
]

[[package]]
name = "oncrix-uniq"
version = "0.1.0"
dependencies = [
 "oncrix-ulibc",
]

[[package]]
name = "oncrix-uptime"
version = "0.1.0"
dependencies = [
 "oncrix-ulibc",
]

[[package]]
name = "oncrix-wc"
version = "0.1.0"
dependencies = [
 "oncrix-ulibc",
]

[[package]]
name = "oncrix-which"
version = "0.1.0"
dependencies = [
 "oncrix-ulibc",
]

[[package]]
name = "oncrix-whoami"
version = "0.1.0"
dependencies = [
 "oncrix-ulibc",
]

[[package]]
name = "oncrix-xargs"
version = "0.1.0"
dependencies = [
 "oncrix-ulibc",
]

[[package]]
name = "oncrix-yes"
version = "0.1.0"
dependencies = [
 "oncrix-ulibc",
]
